// !$*UTF8*$!
{
	archiveVersion = 1;
	classes = {
	};
	objectVersion = 46;
	objects = {

/* Begin PBXBuildFile section */
		D50841E018A0B18C0080E56A /* main.c in Sources */ = {isa = PBXBuildFile; fileRef = D50841DF18A0B18C0080E56A /* main.c */; };
		D50841E218A0B18C0080E56A /* Chapter_2_problem_7.1 in CopyFiles */ = {isa = PBXBuildFile; fileRef = D50841E118A0B18C0080E56A /* Chapter_2_problem_7.1 */; };
/* End PBXBuildFile section */

/* Begin PBXCopyFilesBuildPhase section */
		D50841DA18A0B18C0080E56A /* CopyFiles */ = {
			isa = PBXCopyFilesBuildPhase;
			buildActionMask = 2147483647;
			dstPath = /usr/share/man/man1/;
			dstSubfolderSpec = 0;
			files = (
				D50841E218A0B18C0080E56A /* Chapter_2_problem_7.1 in CopyFiles */,
			);
			runOnlyForDeploymentPostprocessing = 1;
		};
/* End PBXCopyFilesBuildPhase section */

/* Begin PBXFileReference section */
		D50841DC18A0B18C0080E56A /* Chapter 2 problem 7 */ = {isa = PBXFileReference; explicitFileType = "compiled.mach-o.executable"; includeInIndex = 0; path = "Chapter 2 problem 7"; sourceTree = BUILT_PRODUCTS_DIR; };
		D50841DF18A0B18C0080E56A /* main.c */ = {isa = PBXFileReference; lastKnownFileType = sourcecode.c.c; path = main.c; sourceTree = "<group>"; };
		D50841E118A0B18C0080E56A /* Chapter_2_problem_7.1 */ = {isa = PBXFileReference; lastKnownFileType = text.man; path = Chapter_2_problem_7.1; sourceTree = "<group>"; };
/* End PBXFileReference section */

/* Begin PBXFrameworksBuildPhase section */
		D50841D918A0B18C0080E56A /* Frameworks */ = {
			isa = PBXFrameworksBuildPhase;
			buildActionMask = 2147483647;
			files = (
			);
			runOnlyForDeploymentPostprocessing = 0;
		};
/* End PBXFrameworksBuildPhase section */

/* Begin PBXGroup section */
		D50841D318A0B18C0080E56A = {
			isa = PBXGroup;
			children = (
				D50841DE18A0B18C0080E56A /* Chapter 2 problem 7 */,
				D50841DD18A0B18C0080E56A /* Products */,
			);
			sourceTree = "<group>";
		};
		D50841DD18A0B18C0080E56A /* Products */ = {
			isa = PBXGroup;
			children = (
				D50841DC18A0B18C0080E56A /* Chapter 2 problem 7 */,
			);
			name = Products;
			sourceTree = "<group>";
		};
		D50841DE18A0B18C0080E56A /* Chapter 2 problem 7 */ = {
			isa = PBXGroup;
			children = (
				D50841DF18A0B18C0080E56A /* main.c */,
				D50841E118A0B18C0080E56A /* Chapter_2_problem_7.1 */,
			);
			path = "Chapter 2 problem 7";
			sourceTree = "<group>";
		};
/* End PBXGroup section */

/* Begin PBXNativeTarget section */
		D50841DB18A0B18C0080E56A /* Chapter 2 problem 7 */ = {
			isa = PBXNativeTarget;
			buildConfigurationList = D50841E518A0B18C0080E56A /* Build configuration list for PBXNativeTarget "Chapter 2 problem 7" */;
			buildPhases = (
				D50841D818A0B18C0080E56A /* Sources */,
				D50841D918A0B18C0080E56A /* Frameworks */,
				D50841DA18A0B18C0080E56A /* CopyFiles */,
			);
			buildRules = (
			);
			dependencies = (
			);
			name = "Chapter 2 problem 7";
			productName = "Chapter 2 problem 7";
			productReference = D50841DC18A0B18C0080E56A /* Chapter 2 problem 7 */;
			productType = "com.apple.product-type.tool";
		};
/* End PBXNativeTarget section */

/* Begin PBXProject section */
		D50841D418A0B18C0080E56A /* Project object */ = {
			isa = PBXProject;
			attributes = {
				LastUpgradeCheck = 0460;
				ORGANIZATIONNAME = Programming;
			};
			buildConfigurationList = D50841D718A0B18C0080E56A /* Build configuration list for PBXProject "Chapter 2 problem 7" */;
			compatibilityVersion = "Xcode 3.2";
			developmentRegion = English;
			hasScannedForEncodings = 0;
			knownRegions = (
				en,
			);
			mainGroup = D50841D318A0B18C0080E56A;
			productRefGroup = D50841DD18A0B18C0080E56A /* Products */;
			projectDirPath = "";
			projectRoot = "";
			targets = (
				D50841DB18A0B18C0080E56A /* Chapter 2 problem 7 */,
			);
		};
/* End PBXProject section */

/* Begin PBXSourcesBuildPhase section */
		D50841D818A0B18C0080E56A /* Sources */ = {
			isa = PBXSourcesBuildPhase;
			buildActionMask = 2147483647;
			files = (
				D50841E018A0B18C0080E56A /* main.c in Sources */,
			);
			runOnlyForDeploymentPostprocessing = 0;
		};
/* End PBXSourcesBuildPhase section */

/* Begin XCBuildConfiguration section */
		D50841E318A0B18C0080E56A /* Debug */ = {
			isa = XCBuildConfiguration;
			buildSettings = {
				ALWAYS_SEARCH_USER_PATHS = NO;
				ARCHS = "$(ARCHS_STANDARD_64_BIT)";
				CLANG_CXX_LANGUAGE_STANDARD = "gnu++0x";
				CLANG_CXX_LIBRARY = "libc++";
				CLANG_ENABLE_OBJC_ARC = YES;
				CLANG_WARN_CONSTANT_CONVERSION = YES;
				CLANG_WARN_EMPTY_BODY = YES;
				CLANG_WARN_ENUM_CONVERSION = YES;
				CLANG_WARN_INT_CONVERSION = YES;
				CLANG_WARN__DUPLICATE_METHOD_MATCH = YES;
				COPY_PHASE_STRIP = NO;
				GCC_C_LANGUAGE_STANDARD = gnu99;
				GCC_DYNAMIC_NO_PIC = NO;
				GCC_ENABLE_OBJC_EXCEPTIONS = YES;
				GCC_OPTIMIZATION_LEVEL = 0;
				GCC_PREPROCESSOR_DEFINITIONS = (
					"DEBUG=1",
					"$(inherited)",
				);
				GCC_SYMBOLS_PRIVATE_EXTERN = NO;
				GCC_WARN_64_TO_32_BIT_CONVERSION = YES;
				GCC_WARN_ABOUT_RETURN_TYPE = YES;
				GCC_WARN_UNINITIALIZED_AUTOS = YES;
				GCC_WARN_UNUSED_VARIABLE = YES;
				MACOSX_DEPLOYMENT_TARGET = 10.7;
				ONLY_ACTIVE_ARCH = YES;
				SDKROOT = macosx;
			};
			name = Debug;
		};
		D50841E418A0B18C0080E56A /* Release */ = {
			isa = XCBuildConfiguration;
			buildSettings = {
				ALWAYS_SEARCH_USER_PATHS = NO;
				ARCHS = "$(ARCHS_STANDARD_64_BIT)";
				CLANG_CXX_LANGUAGE_STANDARD = "gnu++0x";
				CLANG_CXX_LIBRARY = "libc++";
				CLANG_ENABLE_OBJC_ARC = YES;
				CLANG_WARN_CONSTANT_CONVERSION = YES;
				CLANG_WARN_EMPTY_BODY = YES;
				CLANG_WARN_ENUM_CONVERSION = YES;
				CLANG_WARN_INT_CONVERSION = YES;
				CLANG_WARN__DUPLICATE_METHOD_MATCH = YES;
				COPY_PHASE_STRIP = YES;
				DEBUG_INFORMATION_FORMAT = "dwarf-with-dsym";
				GCC_C_LANGUAGE_STANDARD = gnu99;
				GCC_ENABLE_OBJC_EXCEPTIONS = YES;
				GCC_WARN_64_TO_32_BIT_CONVERSION = YES;
				GCC_WARN_ABOUT_RETURN_TYPE = YES;
				GCC_WARN_UNINITIALIZED_AUTOS = YES;
				GCC_WARN_UNUSED_VARIABLE = YES;
				MACOSX_DEPLOYMENT_TARGET = 10.7;
				SDKROOT = macosx;
			};
			name = Release;
		};
		D50841E618A0B18C0080E56A /* Debug */ = {
			isa = XCBuildConfiguration;
			buildSettings = {
				PRODUCT_NAME = "$(TARGET_NAME)";
			};
			name = Debug;
		};
		D50841E718A0B18C0080E56A /* Release */ = {
			isa = XCBuildConfiguration;
			buildSettings = {
				PRODUCT_NAME = "$(TARGET_NAME)";
			};
			name = Release;
		};
/* End XCBuildConfiguration section */

/* Begin XCConfigurationList section */
		D50841D718A0B18C0080E56A /* Build configuration list for PBXProject "Chapter 2 problem 7" */ = {
			isa = XCConfigurationList;
			buildConfigurations = (
				D50841E318A0B18C0080E56A /* Debug */,
				D50841E418A0B18C0080E56A /* Release */,
			);
			defaultConfigurationIsVisible = 0;
			defaultConfigurationName = Release;
		};
		D50841E518A0B18C0080E56A /* Build configuration list for PBXNativeTarget "Chapter 2 problem 7" */ = {
			isa = XCConfigurationList;
			buildConfigurations = (
				D50841E618A0B18C0080E56A /* Debug */,
				D50841E718A0B18C0080E56A /* Release */,
			);
			defaultConfigurationIsVisible = 0;
		};
/* End XCConfigurationList section */
	};
	rootObject = D50841D418A0B18C0080E56A /* Project object */;
}
